// !$*UTF8*$!
{
	archiveVersion = 1;
	classes = {
	};
	objectVersion = 46;
	objects = {

/* Begin PBXBuildFile section */
		442899DD1E8FD8DE00223736 /* AppDelegate.swift in Sources */ = {isa = PBXBuildFile; fileRef = 442899DC1E8FD8DE00223736 /* AppDelegate.swift */; };
		442899DF1E8FD8DE00223736 /* RootViewController.swift in Sources */ = {isa = PBXBuildFile; fileRef = 442899DE1E8FD8DE00223736 /* RootViewController.swift */; };
		442899E11E8FD8DE00223736 /* DataViewController.swift in Sources */ = {isa = PBXBuildFile; fileRef = 442899E01E8FD8DE00223736 /* DataViewController.swift */; };
		442899E31E8FD8DE00223736 /* ModelController.swift in Sources */ = {isa = PBXBuildFile; fileRef = 442899E21E8FD8DE00223736 /* ModelController.swift */; };
		442899E61E8FD8DE00223736 /* Main.storyboard in Resources */ = {isa = PBXBuildFile; fileRef = 442899E41E8FD8DE00223736 /* Main.storyboard */; };
		442899E81E8FD8DE00223736 /* Assets.xcassets in Resources */ = {isa = PBXBuildFile; fileRef = 442899E71E8FD8DE00223736 /* Assets.xcassets */; };
		442899EB1E8FD8DE00223736 /* LaunchScreen.storyboard in Resources */ = {isa = PBXBuildFile; fileRef = 442899E91E8FD8DE00223736 /* LaunchScreen.storyboard */; };
/* End PBXBuildFile section */

/* Begin PBXFileReference section */
		442899D91E8FD8DD00223736 /* teenbudget.app */ = {isa = PBXFileReference; explicitFileType = wrapper.application; includeInIndex = 0; path = teenbudget.app; sourceTree = BUILT_PRODUCTS_DIR; };
		442899DC1E8FD8DE00223736 /* AppDelegate.swift */ = {isa = PBXFileReference; lastKnownFileType = sourcecode.swift; path = AppDelegate.swift; sourceTree = "<group>"; };
		442899DE1E8FD8DE00223736 /* RootViewController.swift */ = {isa = PBXFileReference; lastKnownFileType = sourcecode.swift; path = RootViewController.swift; sourceTree = "<group>"; };
		442899E01E8FD8DE00223736 /* DataViewController.swift */ = {isa = PBXFileReference; lastKnownFileType = sourcecode.swift; path = DataViewController.swift; sourceTree = "<group>"; };
		442899E21E8FD8DE00223736 /* ModelController.swift */ = {isa = PBXFileReference; lastKnownFileType = sourcecode.swift; path = ModelController.swift; sourceTree = "<group>"; };
		442899E51E8FD8DE00223736 /* Base */ = {isa = PBXFileReference; lastKnownFileType = file.storyboard; name = Base; path = Base.lproj/Main.storyboard; sourceTree = "<group>"; };
		442899E71E8FD8DE00223736 /* Assets.xcassets */ = {isa = PBXFileReference; lastKnownFileType = folder.assetcatalog; path = Assets.xcassets; sourceTree = "<group>"; };
		442899EA1E8FD8DE00223736 /* Base */ = {isa = PBXFileReference; lastKnownFileType = file.storyboard; name = Base; path = Base.lproj/LaunchScreen.storyboard; sourceTree = "<group>"; };
		442899EC1E8FD8DE00223736 /* Info.plist */ = {isa = PBXFileReference; lastKnownFileType = text.plist.xml; path = Info.plist; sourceTree = "<group>"; };
/* End PBXFileReference section */

/* Begin PBXFrameworksBuildPhase section */
		442899D61E8FD8DD00223736 /* Frameworks */ = {
			isa = PBXFrameworksBuildPhase;
			buildActionMask = 2147483647;
			files = (
			);
			runOnlyForDeploymentPostprocessing = 0;
		};
/* End PBXFrameworksBuildPhase section */

/* Begin PBXGroup section */
		442899D01E8FD8DD00223736 = {
			isa = PBXGroup;
			children = (
				442899DB1E8FD8DD00223736 /* teenbudget */,
				442899DA1E8FD8DD00223736 /* Products */,
			);
			sourceTree = "<group>";
		};
		442899DA1E8FD8DD00223736 /* Products */ = {
			isa = PBXGroup;
			children = (
				442899D91E8FD8DD00223736 /* teenbudget.app */,
			);
			name = Products;
			sourceTree = "<group>";
		};
		442899DB1E8FD8DD00223736 /* teenbudget */ = {
			isa = PBXGroup;
			children = (
				442899DC1E8FD8DE00223736 /* AppDelegate.swift */,
				442899DE1E8FD8DE00223736 /* RootViewController.swift */,
				442899E01E8FD8DE00223736 /* DataViewController.swift */,
				442899E21E8FD8DE00223736 /* ModelController.swift */,
				442899E41E8FD8DE00223736 /* Main.storyboard */,
				442899E71E8FD8DE00223736 /* Assets.xcassets */,
				442899E91E8FD8DE00223736 /* LaunchScreen.storyboard */,
				442899EC1E8FD8DE00223736 /* Info.plist */,
			);
			path = teenbudget;
			sourceTree = "<group>";
		};
/* End PBXGroup section */

/* Begin PBXNativeTarget section */
		442899D81E8FD8DD00223736 /* teenbudget */ = {
			isa = PBXNativeTarget;
			buildConfigurationList = 442899EF1E8FD8DE00223736 /* Build configuration list for PBXNativeTarget "teenbudget" */;
			buildPhases = (
				442899D51E8FD8DD00223736 /* Sources */,
				442899D61E8FD8DD00223736 /* Frameworks */,
				442899D71E8FD8DD00223736 /* Resources */,
			);
			buildRules = (
			);
			dependencies = (
			);
			name = teenbudget;
			productName = teenbudget;
			productReference = 442899D91E8FD8DD00223736 /* teenbudget.app */;
			productType = "com.apple.product-type.application";
		};
/* End PBXNativeTarget section */

/* Begin PBXProject section */
		442899D11E8FD8DD00223736 /* Project object */ = {
			isa = PBXProject;
			attributes = {
				LastSwiftUpdateCheck = 0820;
				LastUpgradeCheck = 0820;
				ORGANIZATIONNAME = "landon vago-hughes";
				TargetAttributes = {
					442899D81E8FD8DD00223736 = {
						CreatedOnToolsVersion = 8.2.1;
						DevelopmentTeam = 527RHSJA8E;
						ProvisioningStyle = Automatic;
					};
				};
			};
			buildConfigurationList = 442899D41E8FD8DD00223736 /* Build configuration list for PBXProject "teenbudget" */;
			compatibilityVersion = "Xcode 3.2";
			developmentRegion = English;
			hasScannedForEncodings = 0;
			knownRegions = (
				en,
				Base,
			);
			mainGroup = 442899D01E8FD8DD00223736;
			productRefGroup = 442899DA1E8FD8DD00223736 /* Products */;
			projectDirPath = "";
			projectRoot = "";
			targets = (
				442899D81E8FD8DD00223736 /* teenbudget */,
			);
		};
/* End PBXProject section */

/* Begin PBXResourcesBuildPhase section */
		442899D71E8FD8DD00223736 /* Resources */ = {
			isa = PBXResourcesBuildPhase;
			buildActionMask = 2147483647;
			files = (
				442899EB1E8FD8DE00223736 /* LaunchScreen.storyboard in Resources */,
				442899E81E8FD8DE00223736 /* Assets.xcassets in Resources */,
				442899E61E8FD8DE00223736 /* Main.storyboard in Resources */,
			);
			runOnlyForDeploymentPostprocessing = 0;
		};
/* End PBXResourcesBuildPhase section */

/* Begin PBXSourcesBuildPhase section */
		442899D51E8FD8DD00223736 /* Sources */ = {
			isa = PBXSourcesBuildPhase;
			buildActionMask = 2147483647;
			files = (
				442899DF1E8FD8DE00223736 /* RootViewController.swift in Sources */,
				442899E31E8FD8DE00223736 /* ModelController.swift in Sources */,
				442899E11E8FD8DE00223736 /* DataViewController.swift in Sources */,
				442899DD1E8FD8DE00223736 /* AppDelegate.swift in Sources */,
			);
			runOnlyForDeploymentPostprocessing = 0;
		};
/* End PBXSourcesBuildPhase section */

/* Begin PBXVariantGroup section */
		442899E41E8FD8DE00223736 /* Main.storyboard */ = {
			isa = PBXVariantGroup;
			children = (
				442899E51E8FD8DE00223736 /* Base */,
			);
			name = Main.storyboard;
			sourceTree = "<group>";
		};
		442899E91E8FD8DE00223736 /* LaunchScreen.storyboard */ = {
			isa = PBXVariantGroup;
			children = (
				442899EA1E8FD8DE00223736 /* Base */,
			);
			name = LaunchScreen.storyboard;
			sourceTree = "<group>";
		};
/* End PBXVariantGroup section */

/* Begin XCBuildConfiguration section */
		442899ED1E8FD8DE00223736 /* Debug */ = {
			isa = XCBuildConfiguration;
			buildSettings = {
				ALWAYS_SEARCH_USER_PATHS = NO;
				CLANG_ANALYZER_NONNULL = YES;
				CLANG_CXX_LANGUAGE_STANDARD = "gnu++0x";
				CLANG_CXX_LIBRARY = "libc++";
				CLANG_ENABLE_MODULES = YES;
				CLANG_ENABLE_OBJC_ARC = YES;
				CLANG_WARN_BOOL_CONVERSION = YES;
				CLANG_WARN_CONSTANT_CONVERSION = YES;
				CLANG_WARN_DIRECT_OBJC_ISA_USAGE = YES_ERROR;
				CLANG_WARN_DOCUMENTATION_COMMENTS = YES;
				CLANG_WARN_EMPTY_BODY = YES;
				CLANG_WARN_ENUM_CONVERSION = YES;
				CLANG_WARN_INFINITE_RECURSION = YES;
				CLANG_WARN_INT_CONVERSION = YES;
				CLANG_WARN_OBJC_ROOT_CLASS = YES_ERROR;
				CLANG_WARN_SUSPICIOUS_MOVE = YES;
				CLANG_WARN_UNREACHABLE_CODE = YES;
				CLANG_WARN__DUPLICATE_METHOD_MATCH = YES;
				"CODE_SIGN_IDENTITY[sdk=iphoneos*]" = "iPhone Developer";
				COPY_PHASE_STRIP = NO;
				DEBUG_INFORMATION_FORMAT = dwarf;
				ENABLE_STRICT_OBJC_MSGSEND = YES;
				ENABLE_TESTABILITY = YES;
				GCC_C_LANGUAGE_STANDARD = gnu99;
				GCC_DYNAMIC_NO_PIC = NO;
				GCC_NO_COMMON_BLOCKS = YES;
				GCC_OPTIMIZATION_LEVEL = 0;
				GCC_PREPROCESSOR_DEFINITIONS = (
					"DEBUG=1",
					"$(inherited)",
				);
				GCC_WARN_64_TO_32_BIT_CONVERSION = YES;
				GCC_WARN_ABOUT_RETURN_TYPE = YES_ERROR;
				GCC_WARN_UNDECLARED_SELECTOR = YES;
				GCC_WARN_UNINITIALIZED_AUTOS = YES_AGGRESSIVE;
				GCC_WARN_UNUSED_FUNCTION = YES;
				GCC_WARN_UNUSED_VARIABLE = YES;
				IPHONEOS_DEPLOYMENT_TARGET = 10.2;
				MTL_ENABLE_DEBUG_INFO = YES;
				ONLY_ACTIVE_ARCH = YES;
				SDKROOT = iphoneos;
				SWIFT_ACTIVE_COMPILATION_CONDITIONS = DEBUG;
				SWIFT_OPTIMIZATION_LEVEL = "-Onone";
				TARGETED_DEVICE_FAMILY = "1,2";
			};
			name = Debug;
		};
		442899EE1E8FD8DE00223736 /* Release */ = {
			isa = XCBuildConfiguration;
			buildSettings = {
				ALWAYS_SEARCH_USER_PATHS = NO;
				CLANG_ANALYZER_NONNULL = YES;
				CLANG_CXX_LANGUAGE_STANDARD = "gnu++0x";
				CLANG_CXX_LIBRARY = "libc++";
				CLANG_ENABLE_MODULES = YES;
				CLANG_ENABLE_OBJC_ARC = YES;
				CLANG_WARN_BOOL_CONVERSION = YES;
				CLANG_WARN_CONSTANT_CONVERSION = YES;
				CLANG_WARN_DIRECT_OBJC_ISA_USAGE = YES_ERROR;
				CLANG_WARN_DOCUMENTATION_COMMENTS = YES;
				CLANG_WARN_EMPTY_BODY = YES;
				CLANG_WARN_ENUM_CONVERSION = YES;
				CLANG_WARN_INFINITE_RECURSION = YES;
				CLANG_WARN_INT_CONVERSION = YES;
				CLANG_WARN_OBJC_ROOT_CLASS = YES_ERROR;
				CLANG_WARN_SUSPICIOUS_MOVE = YES;
				CLANG_WARN_UNREACHABLE_CODE = YES;
				CLANG_WARN__DUPLICATE_METHOD_MATCH = YES;
				"CODE_SIGN_IDENTITY[sdk=iphoneos*]" = "iPhone Developer";
				COPY_PHASE_STRIP = NO;
				DEBUG_INFORMATION_FORMAT = "dwarf-with-dsym";
				ENABLE_NS_ASSERTIONS = NO;
				ENABLE_STRICT_OBJC_MSGSEND = YES;
				GCC_C_LANGUAGE_STANDARD = gnu99;
				GCC_NO_COMMON_BLOCKS = YES;
				GCC_WARN_64_TO_32_BIT_CONVERSION = YES;
				GCC_WARN_ABOUT_RETURN_TYPE = YES_ERROR;
				GCC_WARN_UNDECLARED_SELECTOR = YES;
				GCC_WARN_UNINITIALIZED_AUTOS = YES_AGGRESSIVE;
				GCC_WARN_UNUSED_FUNCTION = YES;
				GCC_WARN_UNUSED_VARIABLE = YES;
				IPHONEOS_DEPLOYMENT_TARGET = 10.2;
				MTL_ENABLE_DEBUG_INFO = NO;
				SDKROOT = iphoneos;
				SWIFT_OPTIMIZATION_LEVEL = "-Owholemodule";
				TARGETED_DEVICE_FAMILY = "1,2";
				VALIDATE_PRODUCT = YES;
			};
			name = Release;
		};
		442899F01E8FD8DE00223736 /* Debug */ = {
			isa = XCBuildConfiguration;
			buildSettings = {
				ASSETCATALOG_COMPILER_APPICON_NAME = AppIcon;
				DEVELOPMENT_TEAM = 527RHSJA8E;
				INFOPLIST_FILE = teenbudget/Info.plist;
				LD_RUNPATH_SEARCH_PATHS = "$(inherited) @executable_path/Frameworks";
				PRODUCT_BUNDLE_IDENTIFIER = com.teenbudget.teenbudget;
				PRODUCT_NAME = "$(TARGET_NAME)";
				SWIFT_VERSION = 3.0;
			};
			name = Debug;
		};
		442899F11E8FD8DE00223736 /* Release */ = {
			isa = XCBuildConfiguration;
			buildSettings = {
				ASSETCATALOG_COMPILER_APPICON_NAME = AppIcon;
				DEVELOPMENT_TEAM = 527RHSJA8E;
				INFOPLIST_FILE = teenbudget/Info.plist;
				LD_RUNPATH_SEARCH_PATHS = "$(inherited) @executable_path/Frameworks";
				PRODUCT_BUNDLE_IDENTIFIER = com.teenbudget.teenbudget;
				PRODUCT_NAME = "$(TARGET_NAME)";
				SWIFT_VERSION = 3.0;
			};
			name = Release;
		};
/* End XCBuildConfiguration section */

/* Begin XCConfigurationList section */
		442899D41E8FD8DD00223736 /* Build configuration list for PBXProject "teenbudget" */ = {
			isa = XCConfigurationList;
			buildConfigurations = (
				442899ED1E8FD8DE00223736 /* Debug */,
				442899EE1E8FD8DE00223736 /* Release */,
			);
			defaultConfigurationIsVisible = 0;
			defaultConfigurationName = Release;
		};
		442899EF1E8FD8DE00223736 /* Build configuration list for PBXNativeTarget "teenbudget" */ = {
			isa = XCConfigurationList;
			buildConfigurations = (
				442899F01E8FD8DE00223736 /* Debug */,
				442899F11E8FD8DE00223736 /* Release */,
			);
			defaultConfigurationIsVisible = 0;
		};
/* End XCConfigurationList section */
	};
	rootObject = 442899D11E8FD8DD00223736 /* Project object */;
}
